
Microsoft Visual Studio Solution File, Format Version 12.00
Project("{FAE04EC0-301F-11D3-BF4B-00C04F79EFBC}") = "MetarCollector", "src\MetarCollector\MetarCollector.csproj", "{189BD32D-EC94-4B02-B8B5-7876DE0915A7}"
EndProject
Project("{2150E333-8FDC-42A3-9474-1A3956D46DE8}") = "metadata", "metadata", "{7D31E4CB-F608-4E2A-85DE-BED2E89D868A}"
	ProjectSection(SolutionItems) = preProject
		readme.md = readme.md
	EndProjectSection
EndProject
Global
	GlobalSection(SolutionConfigurationPlatforms) = preSolution
		Debug|Any CPU = Debug|Any CPU
		Release|Any CPU = Release|Any CPU
	EndGlobalSection
	GlobalSection(ProjectConfigurationPlatforms) = postSolution
		{189BD32D-EC94-4B02-B8B5-7876DE0915A7}.Debug|Any CPU.ActiveCfg = Debug|Any CPU
		{189BD32D-EC94-4B02-B8B5-7876DE0915A7}.Debug|Any CPU.Build.0 = Debug|Any CPU
		{189BD32D-EC94-4B02-B8B5-7876DE0915A7}.Release|Any CPU.ActiveCfg = Release|Any CPU
		{189BD32D-EC94-4B02-B8B5-7876DE0915A7}.Release|Any CPU.Build.0 = Release|Any CPU
	EndGlobalSection
EndGlobal
